{
  "name": "skole",
  "version": "1.0.0",
  "lockfileVersion": 1,
  "requires": true,
  "dependencies": {
    "algebra": {
      "version": "1.0.1",
      "resolved": "https://registry.npmjs.org/algebra/-/algebra-1.0.1.tgz",
      "integrity": "sha512-2fbpg59KlOqC3Z6vBARpXjRuIIcH5nqz8CAOOUES0tuJ4W6rtGpB+5AtVpg+X76YR+QRPPZRPte7T3Gj8eV3KA==",
      "requires": {
        "cayley-dickson": "^0.5.4",
        "indices-permutations": "^0.2.3",
        "laplace-determinant": "^0.2.1",
        "matrix-multiplication": "^0.5.2",
        "multidim-array-index": "^0.6.0",
        "not-defined": "^2.1.0",
        "static-props": "^1.1.2",
        "strict-mode": "^1.1.3",
        "tensor-contraction": "^0.2.0"
      }
    },
    "algebra-group": {
      "version": "0.6.2",
      "resolved": "https://registry.npmjs.org/algebra-group/-/algebra-group-0.6.2.tgz",
      "integrity": "sha512-//pQGrgIU/Yn9B3UlquJao+GNgKILnD4j5SPpKxQCVe234Mqce6VclldvuDNa8r8HpY67up8UyY8IwIeQeVVAA==",
      "requires": {
        "not-defined": "^2.0.1",
        "static-props": "^1.1.1"
      }
    },
    "algebra-ring": {
      "version": "0.6.4",
      "resolved": "https://registry.npmjs.org/algebra-ring/-/algebra-ring-0.6.4.tgz",
      "integrity": "sha512-ydV8zKNp7T/t2zSENFqO5MJe/xNQBYLL5sXkC6Cqa9WEwuKOWAPMHEqhuO0n7iPqugE5AYoodTltLIPZt9QOag==",
      "requires": {
        "algebra-group": "^0.6.2",
        "static-props": "^1.1.2"
      }
    },
    "algebra.js": {
      "version": "0.2.6",
      "resolved": "https://registry.npmjs.org/algebra.js/-/algebra.js-0.2.6.tgz",
      "integrity": "sha1-I6rMhvhjTkwgbVbIB37yIKYiHHQ="
    },
    "cayley-dickson": {
      "version": "0.5.4",
      "resolved": "https://registry.npmjs.org/cayley-dickson/-/cayley-dickson-0.5.4.tgz",
      "integrity": "sha512-L1hXy5W6VZnQ3S14J68Ib9AVIT4TGhw+RBq1NKaBh8PBZcbxaE4nlq+vp7OJslyj0t29fQWtVKNY1P1HoaWJ3g==",
      "requires": {
        "algebra-ring": "^0.6.3"
      }
    },
    "expr-eval": {
      "version": "1.2.3",
      "resolved": "https://registry.npmjs.org/expr-eval/-/expr-eval-1.2.3.tgz",
      "integrity": "sha512-HqfsCqw/ScM+CzJMfj2JYjiysgozJmDPDVax94T7o/yU7UwZ8icXAunNF23sOsd3CEf9Q4JdU8Vx6y7LIdGE0w=="
    },
    "indices-permutations": {
      "version": "0.2.3",
      "resolved": "https://registry.npmjs.org/indices-permutations/-/indices-permutations-0.2.3.tgz",
      "integrity": "sha512-SXKOO4DS2J+sDEr2a0O8iZ21YA07oogooXkszjGtXNOmWgcOV8mcntCM8YMS7A/WdUfHvuUJ4gaI4l6OUdkBrA=="
    },
    "js-solver": {
      "version": "0.0.2",
      "resolved": "https://registry.npmjs.org/js-solver/-/js-solver-0.0.2.tgz",
      "integrity": "sha1-h51WUB5M+AgvjyQUQG20RoFwoHI="
    },
    "laplace-determinant": {
      "version": "0.2.1",
      "resolved": "https://registry.npmjs.org/laplace-determinant/-/laplace-determinant-0.2.1.tgz",
      "integrity": "sha512-izrIThddrkIsG0bI+sNjOAWHmWviA1WApeAVPAS1RjQGPc8j8KgPid3PTuiOoMilSBqN/gfTFJO49k91s5jjtA==",
      "requires": {
        "not-defined": "^2.0.1"
      }
    },
    "matrix-multiplication": {
      "version": "0.5.2",
      "resolved": "https://registry.npmjs.org/matrix-multiplication/-/matrix-multiplication-0.5.2.tgz",
      "integrity": "sha512-rr3Adfxn9cktAn8zYAkYiDbFZFkFflwjm9oSm5drBIQJPjFoqUlT9nq7aMwXpr+Nr4uurQKgxy+9pfk5X2YmYA==",
      "requires": {
        "not-defined": "^2.0.1",
        "static-props": "^1.1.1"
      }
    },
    "multidim-array-index": {
      "version": "0.6.0",
      "resolved": "https://registry.npmjs.org/multidim-array-index/-/multidim-array-index-0.6.0.tgz",
      "integrity": "sha512-ojHXo7TNXU8i/MxkbC6BqLPR0z1Elr77PuX0xCLoQUSdo/53UjlRBcrDiaOyoLscQp1j84+qQTG1WwHPl6Vz/g==",
      "requires": {
        "static-props": "^1.0.0"
      }
    },
    "not-defined": {
      "version": "2.1.0",
      "resolved": "https://registry.npmjs.org/not-defined/-/not-defined-2.1.0.tgz",
      "integrity": "sha512-PaztRIK5EkmSdeSEj9u+Mq8vlGGuzSUrng/b2UZuE2eNtAjwMV2R4G+UDb3gOvpkTcGp/DCtdt6mfKh1TXqQ8w=="
    },
    "static-props": {
      "version": "1.1.2",
      "resolved": "https://registry.npmjs.org/static-props/-/static-props-1.1.2.tgz",
      "integrity": "sha512-uHhAsY2eP0WWz42n/5sZDnoO511JgXJsTaycb4ISeYeIH+tjAvAVZ+praZQ3NNVNMUUwc8VXpWWY28Xh8I6XZg=="
    },
    "strict-mode": {
      "version": "1.1.3",
      "resolved": "https://registry.npmjs.org/strict-mode/-/strict-mode-1.1.3.tgz",
      "integrity": "sha512-858Rc31bCDiOd0Pm00Kth/6uRCac1pWt+wwHOn61f6T6kIokFdCHC2AEEkdlVxyA/Gv7/scucbXD04BxCCHaOw=="
    },
    "tensor-contraction": {
      "version": "0.2.0",
      "resolved": "https://registry.npmjs.org/tensor-contraction/-/tensor-contraction-0.2.0.tgz",
      "integrity": "sha512-v8Y0RA8wY85YTXURmqRwAq2zYz9CfsELz18RHH1+QYFCIgAPP9k5VXDPUMlrOwi/EEBjX/kAn+6T9Gzuor7dkw==",
      "requires": {
        "indices-permutations": "^0.2.2",
        "multidim-array-index": "^0.6.0"
      }
    }
  }
}
